
Microsoft Visual Studio Solution File, Format Version 12.00
# Visual Studio Version 17
VisualStudioVersion = 17.11.35327.3
MinimumVisualStudioVersion = 10.0.40219.1
Project("{FAE04EC0-301F-11D3-BF4B-00C04F79EFBC}") = "Asynchronous programming", "Asynchronous programming.csproj", "{C622B2C4-D3F0-40EC-9DCD-4DB04E5935AA}"
EndProject
Global
	GlobalSection(SolutionConfigurationPlatforms) = preSolution
		Debug|Any CPU = Debug|Any CPU
		Release|Any CPU = Release|Any CPU
	EndGlobalSection
	GlobalSection(ProjectConfigurationPlatforms) = postSolution
		{C622B2C4-D3F0-40EC-9DCD-4DB04E5935AA}.Debug|Any CPU.ActiveCfg = Debug|Any CPU
		{C622B2C4-D3F0-40EC-9DCD-4DB04E5935AA}.Debug|Any CPU.Build.0 = Debug|Any CPU
		{C622B2C4-D3F0-40EC-9DCD-4DB04E5935AA}.Release|Any CPU.ActiveCfg = Release|Any CPU
		{C622B2C4-D3F0-40EC-9DCD-4DB04E5935AA}.Release|Any CPU.Build.0 = Release|Any CPU
	EndGlobalSection
	GlobalSection(SolutionProperties) = preSolution
		HideSolutionNode = FALSE
	EndGlobalSection
	GlobalSection(ExtensibilityGlobals) = postSolution
		SolutionGuid = {D4B1AD70-9262-4BAB-80CB-498AFD891AD9}
	EndGlobalSection
EndGlobal
